
Microsoft Visual Studio Solution File, Format Version 12.00
# Visual Studio 15
VisualStudioVersion = 15.0.28307.421
MinimumVisualStudioVersion = 10.0.40219.1
Project("{FAE04EC0-301F-11D3-BF4B-00C04F79EFBC}") = "MobileLoc.Automotive.Api", "MobileLoc.Automotive.Api\MobileLoc.Automotive.Api.csproj", "{CA8C8D7B-07A6-44EB-9015-87CFDDE3860F}"
EndProject
Project("{FAE04EC0-301F-11D3-BF4B-00C04F79EFBC}") = "MobileLoc.Automotive.Domain", "MobileLoc.Automotive.Domain\MobileLoc.Automotive.Domain.csproj", "{4ADE88A5-7581-4BD3-AF25-A624437CD6F1}"
EndProject
Project("{FAE04EC0-301F-11D3-BF4B-00C04F79EFBC}") = "MobileLoc.Automotive.Persistence", "MobileLoc.Automotive.Persistence\MobileLoc.Automotive.Persistence.csproj", "{17E61FAF-B98D-411E-822A-9EBA31F94D27}"
EndProject
Project("{FAE04EC0-301F-11D3-BF4B-00C04F79EFBC}") = "MobileLoc.Automotive.Test", "MobileLoc.Automotive.Test\MobileLoc.Automotive.Test.csproj", "{BA435E0F-35E7-4160-AF5D-FFA754B36922}"
EndProject
Global
	GlobalSection(SolutionConfigurationPlatforms) = preSolution
		Debug|Any CPU = Debug|Any CPU
		Release|Any CPU = Release|Any CPU
	EndGlobalSection
	GlobalSection(ProjectConfigurationPlatforms) = postSolution
		{CA8C8D7B-07A6-44EB-9015-87CFDDE3860F}.Debug|Any CPU.ActiveCfg = Debug|Any CPU
		{CA8C8D7B-07A6-44EB-9015-87CFDDE3860F}.Debug|Any CPU.Build.0 = Debug|Any CPU
		{CA8C8D7B-07A6-44EB-9015-87CFDDE3860F}.Release|Any CPU.ActiveCfg = Release|Any CPU
		{CA8C8D7B-07A6-44EB-9015-87CFDDE3860F}.Release|Any CPU.Build.0 = Release|Any CPU
		{4ADE88A5-7581-4BD3-AF25-A624437CD6F1}.Debug|Any CPU.ActiveCfg = Debug|Any CPU
		{4ADE88A5-7581-4BD3-AF25-A624437CD6F1}.Debug|Any CPU.Build.0 = Debug|Any CPU
		{4ADE88A5-7581-4BD3-AF25-A624437CD6F1}.Release|Any CPU.ActiveCfg = Release|Any CPU
		{4ADE88A5-7581-4BD3-AF25-A624437CD6F1}.Release|Any CPU.Build.0 = Release|Any CPU
		{17E61FAF-B98D-411E-822A-9EBA31F94D27}.Debug|Any CPU.ActiveCfg = Debug|Any CPU
		{17E61FAF-B98D-411E-822A-9EBA31F94D27}.Debug|Any CPU.Build.0 = Debug|Any CPU
		{17E61FAF-B98D-411E-822A-9EBA31F94D27}.Release|Any CPU.ActiveCfg = Release|Any CPU
		{17E61FAF-B98D-411E-822A-9EBA31F94D27}.Release|Any CPU.Build.0 = Release|Any CPU
		{BA435E0F-35E7-4160-AF5D-FFA754B36922}.Debug|Any CPU.ActiveCfg = Debug|Any CPU
		{BA435E0F-35E7-4160-AF5D-FFA754B36922}.Debug|Any CPU.Build.0 = Debug|Any CPU
		{BA435E0F-35E7-4160-AF5D-FFA754B36922}.Release|Any CPU.ActiveCfg = Release|Any CPU
		{BA435E0F-35E7-4160-AF5D-FFA754B36922}.Release|Any CPU.Build.0 = Release|Any CPU
	EndGlobalSection
	GlobalSection(SolutionProperties) = preSolution
		HideSolutionNode = FALSE
	EndGlobalSection
	GlobalSection(ExtensibilityGlobals) = postSolution
		SolutionGuid = {F2D11DB4-9E5D-4BFB-98BB-ACEB498EE3F1}
	EndGlobalSection
EndGlobal
